
Microsoft Visual Studio Solution File, Format Version 12.00
# Visual Studio 16
Project("{FAE04EC0-301F-11D3-BF4B-00C04F79EFBC}") = "Assembly-CSharp", "Assembly-CSharp.csproj", "{FCEAB835-740D-CB0F-7C0E-3D37DFD3F174}"
EndProject
Project("{FAE04EC0-301F-11D3-BF4B-00C04F79EFBC}") = "Assembly-CSharp-firstpass", "Assembly-CSharp-firstpass.csproj", "{9EC18F06-DCFB-589E-1A8D-921F96DF5B7D}"
EndProject
Global
	GlobalSection(SolutionConfigurationPlatforms) = preSolution
		Debug|Any CPU = Debug|Any CPU
		Release|Any CPU = Release|Any CPU
	EndGlobalSection
	GlobalSection(ProjectConfigurationPlatforms) = postSolution
		{FCEAB835-740D-CB0F-7C0E-3D37DFD3F174}.Debug|Any CPU.ActiveCfg = Debug|Any CPU
		{FCEAB835-740D-CB0F-7C0E-3D37DFD3F174}.Debug|Any CPU.Build.0 = Debug|Any CPU
		{FCEAB835-740D-CB0F-7C0E-3D37DFD3F174}.Release|Any CPU.ActiveCfg = Release|Any CPU
		{FCEAB835-740D-CB0F-7C0E-3D37DFD3F174}.Release|Any CPU.Build.0 = Release|Any CPU
		{9EC18F06-DCFB-589E-1A8D-921F96DF5B7D}.Debug|Any CPU.ActiveCfg = Debug|Any CPU
		{9EC18F06-DCFB-589E-1A8D-921F96DF5B7D}.Debug|Any CPU.Build.0 = Debug|Any CPU
		{9EC18F06-DCFB-589E-1A8D-921F96DF5B7D}.Release|Any CPU.ActiveCfg = Release|Any CPU
		{9EC18F06-DCFB-589E-1A8D-921F96DF5B7D}.Release|Any CPU.Build.0 = Release|Any CPU
	EndGlobalSection
	GlobalSection(SolutionProperties) = preSolution
		HideSolutionNode = FALSE
	EndGlobalSection
EndGlobal
